
Microsoft Visual Studio Solution File, Format Version 12.00
# Visual Studio Version 17
VisualStudioVersion = 17.11.35327.3
MinimumVisualStudioVersion = 10.0.40219.1
Project("{9A19103F-16F7-4668-BE54-9A1E7A4F7556}") = "BookShelf.Repository", "BookShelf.Repository\BookShelf.Repository.csproj", "{3000D927-1C5F-43B7-97D1-48AEF5C7738A}"
EndProject
Project("{9A19103F-16F7-4668-BE54-9A1E7A4F7556}") = "Bookshelf.Tests", "Bookshelf.Tests\Bookshelf.Tests.csproj", "{FEFE0D88-34A2-47D9-9C4A-7993E810B9DB}"
EndProject
Global
	GlobalSection(SolutionConfigurationPlatforms) = preSolution
		Debug|Any CPU = Debug|Any CPU
		Release|Any CPU = Release|Any CPU
	EndGlobalSection
	GlobalSection(ProjectConfigurationPlatforms) = postSolution
		{3000D927-1C5F-43B7-97D1-48AEF5C7738A}.Debug|Any CPU.ActiveCfg = Debug|Any CPU
		{3000D927-1C5F-43B7-97D1-48AEF5C7738A}.Debug|Any CPU.Build.0 = Debug|Any CPU
		{3000D927-1C5F-43B7-97D1-48AEF5C7738A}.Release|Any CPU.ActiveCfg = Release|Any CPU
		{3000D927-1C5F-43B7-97D1-48AEF5C7738A}.Release|Any CPU.Build.0 = Release|Any CPU
		{FEFE0D88-34A2-47D9-9C4A-7993E810B9DB}.Debug|Any CPU.ActiveCfg = Debug|Any CPU
		{FEFE0D88-34A2-47D9-9C4A-7993E810B9DB}.Debug|Any CPU.Build.0 = Debug|Any CPU
		{FEFE0D88-34A2-47D9-9C4A-7993E810B9DB}.Release|Any CPU.ActiveCfg = Release|Any CPU
		{FEFE0D88-34A2-47D9-9C4A-7993E810B9DB}.Release|Any CPU.Build.0 = Release|Any CPU
	EndGlobalSection
	GlobalSection(SolutionProperties) = preSolution
		HideSolutionNode = FALSE
	EndGlobalSection
	GlobalSection(ExtensibilityGlobals) = postSolution
		SolutionGuid = {758FB742-718F-4894-BCA3-CD32E4CA9E7A}
	EndGlobalSection
EndGlobal
